
Microsoft Visual Studio Solution File, Format Version 12.00
# Visual Studio Version 16
VisualStudioVersion = 16.0.30621.155
MinimumVisualStudioVersion = 10.0.40219.1
Project("{FAE04EC0-301F-11D3-BF4B-00C04F79EFBC}") = "Server2", "Server2.csproj", "{C60EC050-AC05-40C7-9FC5-DC9467183EC5}"
EndProject
Project("{FAE04EC0-301F-11D3-BF4B-00C04F79EFBC}") = "ClassLibrary", "..\ClassLibrary\ClassLibrary.csproj", "{AA6152E8-4474-464F-AB3A-C04AA9204A36}"
EndProject
Global
	GlobalSection(SolutionConfigurationPlatforms) = preSolution
		Debug|Any CPU = Debug|Any CPU
		Release|Any CPU = Release|Any CPU
	EndGlobalSection
	GlobalSection(ProjectConfigurationPlatforms) = postSolution
		{C60EC050-AC05-40C7-9FC5-DC9467183EC5}.Debug|Any CPU.ActiveCfg = Debug|Any CPU
		{C60EC050-AC05-40C7-9FC5-DC9467183EC5}.Debug|Any CPU.Build.0 = Debug|Any CPU
		{C60EC050-AC05-40C7-9FC5-DC9467183EC5}.Release|Any CPU.ActiveCfg = Release|Any CPU
		{C60EC050-AC05-40C7-9FC5-DC9467183EC5}.Release|Any CPU.Build.0 = Release|Any CPU
		{AA6152E8-4474-464F-AB3A-C04AA9204A36}.Debug|Any CPU.ActiveCfg = Debug|Any CPU
		{AA6152E8-4474-464F-AB3A-C04AA9204A36}.Debug|Any CPU.Build.0 = Debug|Any CPU
		{AA6152E8-4474-464F-AB3A-C04AA9204A36}.Release|Any CPU.ActiveCfg = Release|Any CPU
		{AA6152E8-4474-464F-AB3A-C04AA9204A36}.Release|Any CPU.Build.0 = Release|Any CPU
	EndGlobalSection
	GlobalSection(SolutionProperties) = preSolution
		HideSolutionNode = FALSE
	EndGlobalSection
	GlobalSection(ExtensibilityGlobals) = postSolution
		SolutionGuid = {85712372-9F7D-48F8-B145-23A893B74E88}
	EndGlobalSection
EndGlobal
